
Microsoft Visual Studio Solution File, Format Version 12.00
# Visual Studio Version 16
VisualStudioVersion = 16.0.29025.244
MinimumVisualStudioVersion = 10.0.40219.1
Project("{FAE04EC0-301F-11D3-BF4B-00C04F79EFBC}") = "AoCDay6Part2", "AoCDay6Part2.csproj", "{08C535F9-C030-4ED2-A7EA-0DB04A184C9E}"
EndProject
Global
	GlobalSection(SolutionConfigurationPlatforms) = preSolution
		Debug|Any CPU = Debug|Any CPU
		Release|Any CPU = Release|Any CPU
	EndGlobalSection
	GlobalSection(ProjectConfigurationPlatforms) = postSolution
		{08C535F9-C030-4ED2-A7EA-0DB04A184C9E}.Debug|Any CPU.ActiveCfg = Debug|Any CPU
		{08C535F9-C030-4ED2-A7EA-0DB04A184C9E}.Debug|Any CPU.Build.0 = Debug|Any CPU
		{08C535F9-C030-4ED2-A7EA-0DB04A184C9E}.Release|Any CPU.ActiveCfg = Release|Any CPU
		{08C535F9-C030-4ED2-A7EA-0DB04A184C9E}.Release|Any CPU.Build.0 = Release|Any CPU
	EndGlobalSection
	GlobalSection(SolutionProperties) = preSolution
		HideSolutionNode = FALSE
	EndGlobalSection
	GlobalSection(ExtensibilityGlobals) = postSolution
		SolutionGuid = {EE2D3A52-4C0E-4F57-B1C1-CD66B9259B52}
	EndGlobalSection
EndGlobal
