
Microsoft Visual Studio Solution File, Format Version 12.00
# Visual Studio Version 16
VisualStudioVersion = 16.0.29025.244
MinimumVisualStudioVersion = 10.0.40219.1
Project("{FAE04EC0-301F-11D3-BF4B-00C04F79EFBC}") = "AoCDay4", "AoCDay4.csproj", "{E7F41EE8-D994-4816-91BE-AB48321419E9}"
EndProject
Global
	GlobalSection(SolutionConfigurationPlatforms) = preSolution
		Debug|Any CPU = Debug|Any CPU
		Release|Any CPU = Release|Any CPU
	EndGlobalSection
	GlobalSection(ProjectConfigurationPlatforms) = postSolution
		{E7F41EE8-D994-4816-91BE-AB48321419E9}.Debug|Any CPU.ActiveCfg = Debug|Any CPU
		{E7F41EE8-D994-4816-91BE-AB48321419E9}.Debug|Any CPU.Build.0 = Debug|Any CPU
		{E7F41EE8-D994-4816-91BE-AB48321419E9}.Release|Any CPU.ActiveCfg = Release|Any CPU
		{E7F41EE8-D994-4816-91BE-AB48321419E9}.Release|Any CPU.Build.0 = Release|Any CPU
	EndGlobalSection
	GlobalSection(SolutionProperties) = preSolution
		HideSolutionNode = FALSE
	EndGlobalSection
	GlobalSection(ExtensibilityGlobals) = postSolution
		SolutionGuid = {FFADFB99-68A3-496B-8AE6-8705A439D44C}
	EndGlobalSection
EndGlobal
